
Microsoft Visual Studio Solution File, Format Version 12.00
# Visual Studio Version 16
VisualStudioVersion = 16.0.30717.126
MinimumVisualStudioVersion = 10.0.40219.1
Project("{9A19103F-16F7-4668-BE54-9A1E7A4F7556}") = "JSON Builder", "JSON Builder\JSON Builder.csproj", "{D84E987D-F498-4D07-AFBE-20A439962FB0}"
EndProject
Project("{9A19103F-16F7-4668-BE54-9A1E7A4F7556}") = "Recipes", "Recipes\Recipes.csproj", "{013E26A1-05A0-4709-ACA3-25389894D6F9}"
EndProject
Project("{9A19103F-16F7-4668-BE54-9A1E7A4F7556}") = "Calculator", "Calculator\Calculator.csproj", "{C68B9154-D8DF-4AFB-89A8-196F49E9BA44}"
EndProject
Project("{FAE04EC0-301F-11D3-BF4B-00C04F79EFBC}") = "Console", "Console\Console.csproj", "{B957ED29-A3E4-4E14-B5F8-B29CD0A6D9F2}"
EndProject
Global
	GlobalSection(SolutionConfigurationPlatforms) = preSolution
		Debug|Any CPU = Debug|Any CPU
		Release|Any CPU = Release|Any CPU
	EndGlobalSection
	GlobalSection(ProjectConfigurationPlatforms) = postSolution
		{D84E987D-F498-4D07-AFBE-20A439962FB0}.Debug|Any CPU.ActiveCfg = Debug|Any CPU
		{D84E987D-F498-4D07-AFBE-20A439962FB0}.Debug|Any CPU.Build.0 = Debug|Any CPU
		{D84E987D-F498-4D07-AFBE-20A439962FB0}.Release|Any CPU.ActiveCfg = Release|Any CPU
		{D84E987D-F498-4D07-AFBE-20A439962FB0}.Release|Any CPU.Build.0 = Release|Any CPU
		{013E26A1-05A0-4709-ACA3-25389894D6F9}.Debug|Any CPU.ActiveCfg = Debug|Any CPU
		{013E26A1-05A0-4709-ACA3-25389894D6F9}.Debug|Any CPU.Build.0 = Debug|Any CPU
		{013E26A1-05A0-4709-ACA3-25389894D6F9}.Release|Any CPU.ActiveCfg = Release|Any CPU
		{013E26A1-05A0-4709-ACA3-25389894D6F9}.Release|Any CPU.Build.0 = Release|Any CPU
		{C68B9154-D8DF-4AFB-89A8-196F49E9BA44}.Debug|Any CPU.ActiveCfg = Debug|Any CPU
		{C68B9154-D8DF-4AFB-89A8-196F49E9BA44}.Debug|Any CPU.Build.0 = Debug|Any CPU
		{C68B9154-D8DF-4AFB-89A8-196F49E9BA44}.Release|Any CPU.ActiveCfg = Release|Any CPU
		{C68B9154-D8DF-4AFB-89A8-196F49E9BA44}.Release|Any CPU.Build.0 = Release|Any CPU
		{B957ED29-A3E4-4E14-B5F8-B29CD0A6D9F2}.Debug|Any CPU.ActiveCfg = Debug|Any CPU
		{B957ED29-A3E4-4E14-B5F8-B29CD0A6D9F2}.Debug|Any CPU.Build.0 = Debug|Any CPU
		{B957ED29-A3E4-4E14-B5F8-B29CD0A6D9F2}.Release|Any CPU.ActiveCfg = Release|Any CPU
		{B957ED29-A3E4-4E14-B5F8-B29CD0A6D9F2}.Release|Any CPU.Build.0 = Release|Any CPU
	EndGlobalSection
	GlobalSection(SolutionProperties) = preSolution
		HideSolutionNode = FALSE
	EndGlobalSection
	GlobalSection(ExtensibilityGlobals) = postSolution
		SolutionGuid = {2DD1F56D-311F-4033-8348-1C5469B6C0E0}
	EndGlobalSection
EndGlobal
